
Microsoft Visual Studio Solution File, Format Version 12.00
# Visual Studio Version 17
VisualStudioVersion = 17.0.31903.59
MinimumVisualStudioVersion = 10.0.40219.1
Project("{FAE04EC0-301F-11D3-BF4B-00C04F79EFBC}") = "WineProject.API", "WineProject.API\WineProject.API.csproj", "{D7E8BD12-B96F-4DE7-A908-CC1527EB6011}"
EndProject
Project("{FAE04EC0-301F-11D3-BF4B-00C04F79EFBC}") = "01-WineProject.Business", "01-WineProject.Business\01-WineProject.Business.csproj", "{B99B1A5A-393D-4FA8-92B0-2F29C93567D4}"
EndProject
Project("{FAE04EC0-301F-11D3-BF4B-00C04F79EFBC}") = "02-WineProject.Data", "02-WineProject.Data\02-WineProject.Data.csproj", "{35C2C16A-C025-4C03-9E51-1AC116B59C6A}"
EndProject
Project("{FAE04EC0-301F-11D3-BF4B-00C04F79EFBC}") = "03-WineProject.Domain", "03-WineProject.Domain\03-WineProject.Domain.csproj", "{2E86B06C-B670-4177-BE2E-CB0AE359CA36}"
EndProject
Global
	GlobalSection(SolutionConfigurationPlatforms) = preSolution
		Debug|Any CPU = Debug|Any CPU
		Release|Any CPU = Release|Any CPU
	EndGlobalSection
	GlobalSection(SolutionProperties) = preSolution
		HideSolutionNode = FALSE
	EndGlobalSection
	GlobalSection(ProjectConfigurationPlatforms) = postSolution
		{D7E8BD12-B96F-4DE7-A908-CC1527EB6011}.Debug|Any CPU.ActiveCfg = Debug|Any CPU
		{D7E8BD12-B96F-4DE7-A908-CC1527EB6011}.Debug|Any CPU.Build.0 = Debug|Any CPU
		{D7E8BD12-B96F-4DE7-A908-CC1527EB6011}.Release|Any CPU.ActiveCfg = Release|Any CPU
		{D7E8BD12-B96F-4DE7-A908-CC1527EB6011}.Release|Any CPU.Build.0 = Release|Any CPU
		{B99B1A5A-393D-4FA8-92B0-2F29C93567D4}.Debug|Any CPU.ActiveCfg = Debug|Any CPU
		{B99B1A5A-393D-4FA8-92B0-2F29C93567D4}.Debug|Any CPU.Build.0 = Debug|Any CPU
		{B99B1A5A-393D-4FA8-92B0-2F29C93567D4}.Release|Any CPU.ActiveCfg = Release|Any CPU
		{B99B1A5A-393D-4FA8-92B0-2F29C93567D4}.Release|Any CPU.Build.0 = Release|Any CPU
		{35C2C16A-C025-4C03-9E51-1AC116B59C6A}.Debug|Any CPU.ActiveCfg = Debug|Any CPU
		{35C2C16A-C025-4C03-9E51-1AC116B59C6A}.Debug|Any CPU.Build.0 = Debug|Any CPU
		{35C2C16A-C025-4C03-9E51-1AC116B59C6A}.Release|Any CPU.ActiveCfg = Release|Any CPU
		{35C2C16A-C025-4C03-9E51-1AC116B59C6A}.Release|Any CPU.Build.0 = Release|Any CPU
		{2E86B06C-B670-4177-BE2E-CB0AE359CA36}.Debug|Any CPU.ActiveCfg = Debug|Any CPU
		{2E86B06C-B670-4177-BE2E-CB0AE359CA36}.Debug|Any CPU.Build.0 = Debug|Any CPU
		{2E86B06C-B670-4177-BE2E-CB0AE359CA36}.Release|Any CPU.ActiveCfg = Release|Any CPU
		{2E86B06C-B670-4177-BE2E-CB0AE359CA36}.Release|Any CPU.Build.0 = Release|Any CPU
	EndGlobalSection
EndGlobal
